# This file is automatically @generated by Cargo.
# It is not intended for manual editing.
version = 3

[[package]]
name = "veloren-android"
version = "0.1.0"
dependencies = [
 "gl",
 "hashbrown",
 "jni",
 "lazy_static",
 "ndk",
 "ndk-context",
 "ndk-sys",
 "once_cell",
 "rand",
 "serde",
 "tracing",
 "tracing-subscriber",
 "vek",
]
